
Microsoft Visual Studio Solution File, Format Version 12.00
Project("{FAE04EC0-301F-11D3-BF4B-00C04F79EFBC}") = "WindsorAspError", "WindsorAspError\WindsorAspError.csproj", "{6958184B-A89F-4C0A-99A8-4993C6F2BC7A}"
EndProject
Project("{FAE04EC0-301F-11D3-BF4B-00C04F79EFBC}") = "WindsorAspWebApi", "WindsorAspWebApi\WindsorAspWebApi.csproj", "{824994AD-2300-45D0-993E-A7922F5ABD31}"
EndProject
Global
	GlobalSection(SolutionConfigurationPlatforms) = preSolution
		Debug|Any CPU = Debug|Any CPU
		Release|Any CPU = Release|Any CPU
	EndGlobalSection
	GlobalSection(ProjectConfigurationPlatforms) = postSolution
		{6958184B-A89F-4C0A-99A8-4993C6F2BC7A}.Debug|Any CPU.ActiveCfg = Debug|Any CPU
		{6958184B-A89F-4C0A-99A8-4993C6F2BC7A}.Debug|Any CPU.Build.0 = Debug|Any CPU
		{6958184B-A89F-4C0A-99A8-4993C6F2BC7A}.Release|Any CPU.ActiveCfg = Release|Any CPU
		{6958184B-A89F-4C0A-99A8-4993C6F2BC7A}.Release|Any CPU.Build.0 = Release|Any CPU
		{824994AD-2300-45D0-993E-A7922F5ABD31}.Debug|Any CPU.ActiveCfg = Debug|Any CPU
		{824994AD-2300-45D0-993E-A7922F5ABD31}.Debug|Any CPU.Build.0 = Debug|Any CPU
		{824994AD-2300-45D0-993E-A7922F5ABD31}.Release|Any CPU.ActiveCfg = Release|Any CPU
		{824994AD-2300-45D0-993E-A7922F5ABD31}.Release|Any CPU.Build.0 = Release|Any CPU
	EndGlobalSection
EndGlobal
